
Microsoft Visual Studio Solution File, Format Version 12.00
# Visual Studio Version 16
VisualStudioVersion = 16.0.29609.76
MinimumVisualStudioVersion = 10.0.40219.1
Project("{FAE04EC0-301F-11D3-BF4B-00C04F79EFBC}") = "teste", "teste\teste.csproj", "{C2C60AEB-4349-42EA-919A-96074435806B}"
EndProject
Global
	GlobalSection(SolutionConfigurationPlatforms) = preSolution
		Debug|Any CPU = Debug|Any CPU
		Release|Any CPU = Release|Any CPU
	EndGlobalSection
	GlobalSection(ProjectConfigurationPlatforms) = postSolution
		{C2C60AEB-4349-42EA-919A-96074435806B}.Debug|Any CPU.ActiveCfg = Debug|Any CPU
		{C2C60AEB-4349-42EA-919A-96074435806B}.Debug|Any CPU.Build.0 = Debug|Any CPU
		{C2C60AEB-4349-42EA-919A-96074435806B}.Release|Any CPU.ActiveCfg = Release|Any CPU
		{C2C60AEB-4349-42EA-919A-96074435806B}.Release|Any CPU.Build.0 = Release|Any CPU
	EndGlobalSection
	GlobalSection(SolutionProperties) = preSolution
		HideSolutionNode = FALSE
	EndGlobalSection
	GlobalSection(ExtensibilityGlobals) = postSolution
		SolutionGuid = {D36917A9-486B-4697-96C0-22D1B9193D2B}
	EndGlobalSection
EndGlobal
